// !$*UTF8*$!
{
	archiveVersion = 1;
	classes = {
	};
	objectVersion = 46;
	objects = {

/* Begin PBXBuildFile section */
		8109608B1DA6207F00E3DE7B /* main.m in Sources */ = {isa = PBXBuildFile; fileRef = 8109608A1DA6207F00E3DE7B /* main.m */; };
		8109608E1DA6207F00E3DE7B /* AppDelegate.m in Sources */ = {isa = PBXBuildFile; fileRef = 8109608D1DA6207F00E3DE7B /* AppDelegate.m */; };
		810960911DA6207F00E3DE7B /* ViewController.m in Sources */ = {isa = PBXBuildFile; fileRef = 810960901DA6207F00E3DE7B /* ViewController.m */; };
		810960941DA6207F00E3DE7B /* Main.storyboard in Resources */ = {isa = PBXBuildFile; fileRef = 810960921DA6207F00E3DE7B /* Main.storyboard */; };
		810960961DA6207F00E3DE7B /* Assets.xcassets in Resources */ = {isa = PBXBuildFile; fileRef = 810960951DA6207F00E3DE7B /* Assets.xcassets */; };
		810960991DA6207F00E3DE7B /* LaunchScreen.storyboard in Resources */ = {isa = PBXBuildFile; fileRef = 810960971DA6207F00E3DE7B /* LaunchScreen.storyboard */; };
		810960A41DA6207F00E3DE7B /* ScrollCloseDemoTests.m in Sources */ = {isa = PBXBuildFile; fileRef = 810960A31DA6207F00E3DE7B /* ScrollCloseDemoTests.m */; };
		810960AF1DA6207F00E3DE7B /* ScrollCloseDemoUITests.m in Sources */ = {isa = PBXBuildFile; fileRef = 810960AE1DA6207F00E3DE7B /* ScrollCloseDemoUITests.m */; };
		810960BF1DA625DA00E3DE7B /* CloseCell.m in Sources */ = {isa = PBXBuildFile; fileRef = 810960BD1DA625DA00E3DE7B /* CloseCell.m */; };
		810960C01DA625DA00E3DE7B /* CloseCell.xib in Resources */ = {isa = PBXBuildFile; fileRef = 810960BE1DA625DA00E3DE7B /* CloseCell.xib */; };
/* End PBXBuildFile section */

/* Begin PBXContainerItemProxy section */
		810960A01DA6207F00E3DE7B /* PBXContainerItemProxy */ = {
			isa = PBXContainerItemProxy;
			containerPortal = 8109607E1DA6207F00E3DE7B /* Project object */;
			proxyType = 1;
			remoteGlobalIDString = 810960851DA6207F00E3DE7B;
			remoteInfo = ScrollCloseDemo;
		};
		810960AB1DA6207F00E3DE7B /* PBXContainerItemProxy */ = {
			isa = PBXContainerItemProxy;
			containerPortal = 8109607E1DA6207F00E3DE7B /* Project object */;
			proxyType = 1;
			remoteGlobalIDString = 810960851DA6207F00E3DE7B;
			remoteInfo = ScrollCloseDemo;
		};
/* End PBXContainerItemProxy section */

/* Begin PBXFileReference section */
		810960861DA6207F00E3DE7B /* ScrollCloseDemo.app */ = {isa = PBXFileReference; explicitFileType = wrapper.application; includeInIndex = 0; path = ScrollCloseDemo.app; sourceTree = BUILT_PRODUCTS_DIR; };
		8109608A1DA6207F00E3DE7B /* main.m */ = {isa = PBXFileReference; lastKnownFileType = sourcecode.c.objc; path = main.m; sourceTree = "<group>"; };
		8109608C1DA6207F00E3DE7B /* AppDelegate.h */ = {isa = PBXFileReference; lastKnownFileType = sourcecode.c.h; path = AppDelegate.h; sourceTree = "<group>"; };
		8109608D1DA6207F00E3DE7B /* AppDelegate.m */ = {isa = PBXFileReference; lastKnownFileType = sourcecode.c.objc; path = AppDelegate.m; sourceTree = "<group>"; };
		8109608F1DA6207F00E3DE7B /* ViewController.h */ = {isa = PBXFileReference; lastKnownFileType = sourcecode.c.h; path = ViewController.h; sourceTree = "<group>"; };
		810960901DA6207F00E3DE7B /* ViewController.m */ = {isa = PBXFileReference; lastKnownFileType = sourcecode.c.objc; path = ViewController.m; sourceTree = "<group>"; };
		810960931DA6207F00E3DE7B /* Base */ = {isa = PBXFileReference; lastKnownFileType = file.storyboard; name = Base; path = Base.lproj/Main.storyboard; sourceTree = "<group>"; };
		810960951DA6207F00E3DE7B /* Assets.xcassets */ = {isa = PBXFileReference; lastKnownFileType = folder.assetcatalog; path = Assets.xcassets; sourceTree = "<group>"; };
		810960981DA6207F00E3DE7B /* Base */ = {isa = PBXFileReference; lastKnownFileType = file.storyboard; name = Base; path = Base.lproj/LaunchScreen.storyboard; sourceTree = "<group>"; };
		8109609A1DA6207F00E3DE7B /* Info.plist */ = {isa = PBXFileReference; lastKnownFileType = text.plist.xml; path = Info.plist; sourceTree = "<group>"; };
		8109609F1DA6207F00E3DE7B /* ScrollCloseDemoTests.xctest */ = {isa = PBXFileReference; explicitFileType = wrapper.cfbundle; includeInIndex = 0; path = ScrollCloseDemoTests.xctest; sourceTree = BUILT_PRODUCTS_DIR; };
		810960A31DA6207F00E3DE7B /* ScrollCloseDemoTests.m */ = {isa = PBXFileReference; lastKnownFileType = sourcecode.c.objc; path = ScrollCloseDemoTests.m; sourceTree = "<group>"; };
		810960A51DA6207F00E3DE7B /* Info.plist */ = {isa = PBXFileReference; lastKnownFileType = text.plist.xml; path = Info.plist; sourceTree = "<group>"; };
		810960AA1DA6207F00E3DE7B /* ScrollCloseDemoUITests.xctest */ = {isa = PBXFileReference; explicitFileType = wrapper.cfbundle; includeInIndex = 0; path = ScrollCloseDemoUITests.xctest; sourceTree = BUILT_PRODUCTS_DIR; };
		810960AE1DA6207F00E3DE7B /* ScrollCloseDemoUITests.m */ = {isa = PBXFileReference; lastKnownFileType = sourcecode.c.objc; path = ScrollCloseDemoUITests.m; sourceTree = "<group>"; };
		810960B01DA6207F00E3DE7B /* Info.plist */ = {isa = PBXFileReference; lastKnownFileType = text.plist.xml; path = Info.plist; sourceTree = "<group>"; };
		810960BC1DA625DA00E3DE7B /* CloseCell.h */ = {isa = PBXFileReference; fileEncoding = 4; lastKnownFileType = sourcecode.c.h; path = CloseCell.h; sourceTree = "<group>"; };
		810960BD1DA625DA00E3DE7B /* CloseCell.m */ = {isa = PBXFileReference; fileEncoding = 4; lastKnownFileType = sourcecode.c.objc; path = CloseCell.m; sourceTree = "<group>"; };
		810960BE1DA625DA00E3DE7B /* CloseCell.xib */ = {isa = PBXFileReference; fileEncoding = 4; lastKnownFileType = file.xib; path = CloseCell.xib; sourceTree = "<group>"; };
/* End PBXFileReference section */

/* Begin PBXFrameworksBuildPhase section */
		810960831DA6207F00E3DE7B /* Frameworks */ = {
			isa = PBXFrameworksBuildPhase;
			buildActionMask = 2147483647;
			files = (
			);
			runOnlyForDeploymentPostprocessing = 0;
		};
		8109609C1DA6207F00E3DE7B /* Frameworks */ = {
			isa = PBXFrameworksBuildPhase;
			buildActionMask = 2147483647;
			files = (
			);
			runOnlyForDeploymentPostprocessing = 0;
		};
		810960A71DA6207F00E3DE7B /* Frameworks */ = {
			isa = PBXFrameworksBuildPhase;
			buildActionMask = 2147483647;
			files = (
			);
			runOnlyForDeploymentPostprocessing = 0;
		};
/* End PBXFrameworksBuildPhase section */

/* Begin PBXGroup section */
		8109607D1DA6207F00E3DE7B = {
			isa = PBXGroup;
			children = (
				810960881DA6207F00E3DE7B /* ScrollCloseDemo */,
				810960A21DA6207F00E3DE7B /* ScrollCloseDemoTests */,
				810960AD1DA6207F00E3DE7B /* ScrollCloseDemoUITests */,
				810960871DA6207F00E3DE7B /* Products */,
			);
			sourceTree = "<group>";
		};
		810960871DA6207F00E3DE7B /* Products */ = {
			isa = PBXGroup;
			children = (
				810960861DA6207F00E3DE7B /* ScrollCloseDemo.app */,
				8109609F1DA6207F00E3DE7B /* ScrollCloseDemoTests.xctest */,
				810960AA1DA6207F00E3DE7B /* ScrollCloseDemoUITests.xctest */,
			);
			name = Products;
			sourceTree = "<group>";
		};
		810960881DA6207F00E3DE7B /* ScrollCloseDemo */ = {
			isa = PBXGroup;
			children = (
				8109608C1DA6207F00E3DE7B /* AppDelegate.h */,
				8109608D1DA6207F00E3DE7B /* AppDelegate.m */,
				8109608F1DA6207F00E3DE7B /* ViewController.h */,
				810960901DA6207F00E3DE7B /* ViewController.m */,
				810960921DA6207F00E3DE7B /* Main.storyboard */,
				810960BC1DA625DA00E3DE7B /* CloseCell.h */,
				810960BD1DA625DA00E3DE7B /* CloseCell.m */,
				810960BE1DA625DA00E3DE7B /* CloseCell.xib */,
				810960951DA6207F00E3DE7B /* Assets.xcassets */,
				810960971DA6207F00E3DE7B /* LaunchScreen.storyboard */,
				8109609A1DA6207F00E3DE7B /* Info.plist */,
				810960891DA6207F00E3DE7B /* Supporting Files */,
			);
			path = ScrollCloseDemo;
			sourceTree = "<group>";
		};
		810960891DA6207F00E3DE7B /* Supporting Files */ = {
			isa = PBXGroup;
			children = (
				8109608A1DA6207F00E3DE7B /* main.m */,
			);
			name = "Supporting Files";
			sourceTree = "<group>";
		};
		810960A21DA6207F00E3DE7B /* ScrollCloseDemoTests */ = {
			isa = PBXGroup;
			children = (
				810960A31DA6207F00E3DE7B /* ScrollCloseDemoTests.m */,
				810960A51DA6207F00E3DE7B /* Info.plist */,
			);
			path = ScrollCloseDemoTests;
			sourceTree = "<group>";
		};
		810960AD1DA6207F00E3DE7B /* ScrollCloseDemoUITests */ = {
			isa = PBXGroup;
			children = (
				810960AE1DA6207F00E3DE7B /* ScrollCloseDemoUITests.m */,
				810960B01DA6207F00E3DE7B /* Info.plist */,
			);
			path = ScrollCloseDemoUITests;
			sourceTree = "<group>";
		};
/* End PBXGroup section */

/* Begin PBXNativeTarget section */
		810960851DA6207F00E3DE7B /* ScrollCloseDemo */ = {
			isa = PBXNativeTarget;
			buildConfigurationList = 810960B31DA6207F00E3DE7B /* Build configuration list for PBXNativeTarget "ScrollCloseDemo" */;
			buildPhases = (
				810960821DA6207F00E3DE7B /* Sources */,
				810960831DA6207F00E3DE7B /* Frameworks */,
				810960841DA6207F00E3DE7B /* Resources */,
			);
			buildRules = (
			);
			dependencies = (
			);
			name = ScrollCloseDemo;
			productName = ScrollCloseDemo;
			productReference = 810960861DA6207F00E3DE7B /* ScrollCloseDemo.app */;
			productType = "com.apple.product-type.application";
		};
		8109609E1DA6207F00E3DE7B /* ScrollCloseDemoTests */ = {
			isa = PBXNativeTarget;
			buildConfigurationList = 810960B61DA6207F00E3DE7B /* Build configuration list for PBXNativeTarget "ScrollCloseDemoTests" */;
			buildPhases = (
				8109609B1DA6207F00E3DE7B /* Sources */,
				8109609C1DA6207F00E3DE7B /* Frameworks */,
				8109609D1DA6207F00E3DE7B /* Resources */,
			);
			buildRules = (
			);
			dependencies = (
				810960A11DA6207F00E3DE7B /* PBXTargetDependency */,
			);
			name = ScrollCloseDemoTests;
			productName = ScrollCloseDemoTests;
			productReference = 8109609F1DA6207F00E3DE7B /* ScrollCloseDemoTests.xctest */;
			productType = "com.apple.product-type.bundle.unit-test";
		};
		810960A91DA6207F00E3DE7B /* ScrollCloseDemoUITests */ = {
			isa = PBXNativeTarget;
			buildConfigurationList = 810960B91DA6207F00E3DE7B /* Build configuration list for PBXNativeTarget "ScrollCloseDemoUITests" */;
			buildPhases = (
				810960A61DA6207F00E3DE7B /* Sources */,
				810960A71DA6207F00E3DE7B /* Frameworks */,
				810960A81DA6207F00E3DE7B /* Resources */,
			);
			buildRules = (
			);
			dependencies = (
				810960AC1DA6207F00E3DE7B /* PBXTargetDependency */,
			);
			name = ScrollCloseDemoUITests;
			productName = ScrollCloseDemoUITests;
			productReference = 810960AA1DA6207F00E3DE7B /* ScrollCloseDemoUITests.xctest */;
			productType = "com.apple.product-type.bundle.ui-testing";
		};
/* End PBXNativeTarget section */

/* Begin PBXProject section */
		8109607E1DA6207F00E3DE7B /* Project object */ = {
			isa = PBXProject;
			attributes = {
				LastUpgradeCheck = 0800;
				ORGANIZATIONNAME = "吴玉铁";
				TargetAttributes = {
					810960851DA6207F00E3DE7B = {
						CreatedOnToolsVersion = 8.0;
						DevelopmentTeam = J4G5MLSX24;
						ProvisioningStyle = Automatic;
					};
					8109609E1DA6207F00E3DE7B = {
						CreatedOnToolsVersion = 8.0;
						ProvisioningStyle = Automatic;
						TestTargetID = 810960851DA6207F00E3DE7B;
					};
					810960A91DA6207F00E3DE7B = {
						CreatedOnToolsVersion = 8.0;
						ProvisioningStyle = Automatic;
						TestTargetID = 810960851DA6207F00E3DE7B;
					};
				};
			};
			buildConfigurationList = 810960811DA6207F00E3DE7B /* Build configuration list for PBXProject "ScrollCloseDemo" */;
			compatibilityVersion = "Xcode 3.2";
			developmentRegion = English;
			hasScannedForEncodings = 0;
			knownRegions = (
				en,
				Base,
			);
			mainGroup = 8109607D1DA6207F00E3DE7B;
			productRefGroup = 810960871DA6207F00E3DE7B /* Products */;
			projectDirPath = "";
			projectRoot = "";
			targets = (
				810960851DA6207F00E3DE7B /* ScrollCloseDemo */,
				8109609E1DA6207F00E3DE7B /* ScrollCloseDemoTests */,
				810960A91DA6207F00E3DE7B /* ScrollCloseDemoUITests */,
			);
		};
/* End PBXProject section */

/* Begin PBXResourcesBuildPhase section */
		810960841DA6207F00E3DE7B /* Resources */ = {
			isa = PBXResourcesBuildPhase;
			buildActionMask = 2147483647;
			files = (
				810960C01DA625DA00E3DE7B /* CloseCell.xib in Resources */,
				810960991DA6207F00E3DE7B /* LaunchScreen.storyboard in Resources */,
				810960961DA6207F00E3DE7B /* Assets.xcassets in Resources */,
				810960941DA6207F00E3DE7B /* Main.storyboard in Resources */,
			);
			runOnlyForDeploymentPostprocessing = 0;
		};
		8109609D1DA6207F00E3DE7B /* Resources */ = {
			isa = PBXResourcesBuildPhase;
			buildActionMask = 2147483647;
			files = (
			);
			runOnlyForDeploymentPostprocessing = 0;
		};
		810960A81DA6207F00E3DE7B /* Resources */ = {
			isa = PBXResourcesBuildPhase;
			buildActionMask = 2147483647;
			files = (
			);
			runOnlyForDeploymentPostprocessing = 0;
		};
/* End PBXResourcesBuildPhase section */

/* Begin PBXSourcesBuildPhase section */
		810960821DA6207F00E3DE7B /* Sources */ = {
			isa = PBXSourcesBuildPhase;
			buildActionMask = 2147483647;
			files = (
				810960BF1DA625DA00E3DE7B /* CloseCell.m in Sources */,
				810960911DA6207F00E3DE7B /* ViewController.m in Sources */,
				8109608E1DA6207F00E3DE7B /* AppDelegate.m in Sources */,
				8109608B1DA6207F00E3DE7B /* main.m in Sources */,
			);
			runOnlyForDeploymentPostprocessing = 0;
		};
		8109609B1DA6207F00E3DE7B /* Sources */ = {
			isa = PBXSourcesBuildPhase;
			buildActionMask = 2147483647;
			files = (
				810960A41DA6207F00E3DE7B /* ScrollCloseDemoTests.m in Sources */,
			);
			runOnlyForDeploymentPostprocessing = 0;
		};
		810960A61DA6207F00E3DE7B /* Sources */ = {
			isa = PBXSourcesBuildPhase;
			buildActionMask = 2147483647;
			files = (
				810960AF1DA6207F00E3DE7B /* ScrollCloseDemoUITests.m in Sources */,
			);
			runOnlyForDeploymentPostprocessing = 0;
		};
/* End PBXSourcesBuildPhase section */

/* Begin PBXTargetDependency section */
		810960A11DA6207F00E3DE7B /* PBXTargetDependency */ = {
			isa = PBXTargetDependency;
			target = 810960851DA6207F00E3DE7B /* ScrollCloseDemo */;
			targetProxy = 810960A01DA6207F00E3DE7B /* PBXContainerItemProxy */;
		};
		810960AC1DA6207F00E3DE7B /* PBXTargetDependency */ = {
			isa = PBXTargetDependency;
			target = 810960851DA6207F00E3DE7B /* ScrollCloseDemo */;
			targetProxy = 810960AB1DA6207F00E3DE7B /* PBXContainerItemProxy */;
		};
/* End PBXTargetDependency section */

/* Begin PBXVariantGroup section */
		810960921DA6207F00E3DE7B /* Main.storyboard */ = {
			isa = PBXVariantGroup;
			children = (
				810960931DA6207F00E3DE7B /* Base */,
			);
			name = Main.storyboard;
			sourceTree = "<group>";
		};
		810960971DA6207F00E3DE7B /* LaunchScreen.storyboard */ = {
			isa = PBXVariantGroup;
			children = (
				810960981DA6207F00E3DE7B /* Base */,
			);
			name = LaunchScreen.storyboard;
			sourceTree = "<group>";
		};
/* End PBXVariantGroup section */

/* Begin XCBuildConfiguration section */
		810960B11DA6207F00E3DE7B /* Debug */ = {
			isa = XCBuildConfiguration;
			buildSettings = {
				ALWAYS_SEARCH_USER_PATHS = NO;
				CLANG_ANALYZER_NONNULL = YES;
				CLANG_CXX_LANGUAGE_STANDARD = "gnu++0x";
				CLANG_CXX_LIBRARY = "libc++";
				CLANG_ENABLE_MODULES = YES;
				CLANG_ENABLE_OBJC_ARC = YES;
				CLANG_WARN_BOOL_CONVERSION = YES;
				CLANG_WARN_CONSTANT_CONVERSION = YES;
				CLANG_WARN_DIRECT_OBJC_ISA_USAGE = YES_ERROR;
				CLANG_WARN_DOCUMENTATION_COMMENTS = YES;
				CLANG_WARN_EMPTY_BODY = YES;
				CLANG_WARN_ENUM_CONVERSION = YES;
				CLANG_WARN_INFINITE_RECURSION = YES;
				CLANG_WARN_INT_CONVERSION = YES;
				CLANG_WARN_OBJC_ROOT_CLASS = YES_ERROR;
				CLANG_WARN_SUSPICIOUS_MOVES = YES;
				CLANG_WARN_UNREACHABLE_CODE = YES;
				CLANG_WARN__DUPLICATE_METHOD_MATCH = YES;
				"CODE_SIGN_IDENTITY[sdk=iphoneos*]" = "iPhone Developer";
				COPY_PHASE_STRIP = NO;
				DEBUG_INFORMATION_FORMAT = dwarf;
				ENABLE_STRICT_OBJC_MSGSEND = YES;
				ENABLE_TESTABILITY = YES;
				GCC_C_LANGUAGE_STANDARD = gnu99;
				GCC_DYNAMIC_NO_PIC = NO;
				GCC_NO_COMMON_BLOCKS = YES;
				GCC_OPTIMIZATION_LEVEL = 0;
				GCC_PREPROCESSOR_DEFINITIONS = (
					"DEBUG=1",
					"$(inherited)",
				);
				GCC_WARN_64_TO_32_BIT_CONVERSION = YES;
				GCC_WARN_ABOUT_RETURN_TYPE = YES_ERROR;
				GCC_WARN_UNDECLARED_SELECTOR = YES;
				GCC_WARN_UNINITIALIZED_AUTOS = YES_AGGRESSIVE;
				GCC_WARN_UNUSED_FUNCTION = YES;
				GCC_WARN_UNUSED_VARIABLE = YES;
				IPHONEOS_DEPLOYMENT_TARGET = 10.0;
				MTL_ENABLE_DEBUG_INFO = YES;
				ONLY_ACTIVE_ARCH = YES;
				SDKROOT = iphoneos;
				TARGETED_DEVICE_FAMILY = "1,2";
			};
			name = Debug;
		};
		810960B21DA6207F00E3DE7B /* Release */ = {
			isa = XCBuildConfiguration;
			buildSettings = {
				ALWAYS_SEARCH_USER_PATHS = NO;
				CLANG_ANALYZER_NONNULL = YES;
				CLANG_CXX_LANGUAGE_STANDARD = "gnu++0x";
				CLANG_CXX_LIBRARY = "libc++";
				CLANG_ENABLE_MODULES = YES;
				CLANG_ENABLE_OBJC_ARC = YES;
				CLANG_WARN_BOOL_CONVERSION = YES;
				CLANG_WARN_CONSTANT_CONVERSION = YES;
				CLANG_WARN_DIRECT_OBJC_ISA_USAGE = YES_ERROR;
				CLANG_WARN_DOCUMENTATION_COMMENTS = YES;
				CLANG_WARN_EMPTY_BODY = YES;
				CLANG_WARN_ENUM_CONVERSION = YES;
				CLANG_WARN_INFINITE_RECURSION = YES;
				CLANG_WARN_INT_CONVERSION = YES;
				CLANG_WARN_OBJC_ROOT_CLASS = YES_ERROR;
				CLANG_WARN_SUSPICIOUS_MOVES = YES;
				CLANG_WARN_UNREACHABLE_CODE = YES;
				CLANG_WARN__DUPLICATE_METHOD_MATCH = YES;
				"CODE_SIGN_IDENTITY[sdk=iphoneos*]" = "iPhone Developer";
				COPY_PHASE_STRIP = NO;
				DEBUG_INFORMATION_FORMAT = "dwarf-with-dsym";
				ENABLE_NS_ASSERTIONS = NO;
				ENABLE_STRICT_OBJC_MSGSEND = YES;
				GCC_C_LANGUAGE_STANDARD = gnu99;
				GCC_NO_COMMON_BLOCKS = YES;
				GCC_WARN_64_TO_32_BIT_CONVERSION = YES;
				GCC_WARN_ABOUT_RETURN_TYPE = YES_ERROR;
				GCC_WARN_UNDECLARED_SELECTOR = YES;
				GCC_WARN_UNINITIALIZED_AUTOS = YES_AGGRESSIVE;
				GCC_WARN_UNUSED_FUNCTION = YES;
				GCC_WARN_UNUSED_VARIABLE = YES;
				IPHONEOS_DEPLOYMENT_TARGET = 10.0;
				MTL_ENABLE_DEBUG_INFO = NO;
				SDKROOT = iphoneos;
				TARGETED_DEVICE_FAMILY = "1,2";
				VALIDATE_PRODUCT = YES;
			};
			name = Release;
		};
		810960B41DA6207F00E3DE7B /* Debug */ = {
			isa = XCBuildConfiguration;
			buildSettings = {
				ASSETCATALOG_COMPILER_APPICON_NAME = AppIcon;
				DEVELOPMENT_TEAM = J4G5MLSX24;
				INFOPLIST_FILE = ScrollCloseDemo/Info.plist;
				IPHONEOS_DEPLOYMENT_TARGET = 9.0;
				LD_RUNPATH_SEARCH_PATHS = "$(inherited) @executable_path/Frameworks";
				PRODUCT_BUNDLE_IDENTIFIER = CoderTgg.ScrollCloseDemo;
				PRODUCT_NAME = "$(TARGET_NAME)";
			};
			name = Debug;
		};
		810960B51DA6207F00E3DE7B /* Release */ = {
			isa = XCBuildConfiguration;
			buildSettings = {
				ASSETCATALOG_COMPILER_APPICON_NAME = AppIcon;
				DEVELOPMENT_TEAM = J4G5MLSX24;
				INFOPLIST_FILE = ScrollCloseDemo/Info.plist;
				IPHONEOS_DEPLOYMENT_TARGET = 9.0;
				LD_RUNPATH_SEARCH_PATHS = "$(inherited) @executable_path/Frameworks";
				PRODUCT_BUNDLE_IDENTIFIER = CoderTgg.ScrollCloseDemo;
				PRODUCT_NAME = "$(TARGET_NAME)";
			};
			name = Release;
		};
		810960B71DA6207F00E3DE7B /* Debug */ = {
			isa = XCBuildConfiguration;
			buildSettings = {
				BUNDLE_LOADER = "$(TEST_HOST)";
				INFOPLIST_FILE = ScrollCloseDemoTests/Info.plist;
				LD_RUNPATH_SEARCH_PATHS = "$(inherited) @executable_path/Frameworks @loader_path/Frameworks";
				PRODUCT_BUNDLE_IDENTIFIER = CoderTgg.ScrollCloseDemoTests;
				PRODUCT_NAME = "$(TARGET_NAME)";
				TEST_HOST = "$(BUILT_PRODUCTS_DIR)/ScrollCloseDemo.app/ScrollCloseDemo";
			};
			name = Debug;
		};
		810960B81DA6207F00E3DE7B /* Release */ = {
			isa = XCBuildConfiguration;
			buildSettings = {
				BUNDLE_LOADER = "$(TEST_HOST)";
				INFOPLIST_FILE = ScrollCloseDemoTests/Info.plist;
				LD_RUNPATH_SEARCH_PATHS = "$(inherited) @executable_path/Frameworks @loader_path/Frameworks";
				PRODUCT_BUNDLE_IDENTIFIER = CoderTgg.ScrollCloseDemoTests;
				PRODUCT_NAME = "$(TARGET_NAME)";
				TEST_HOST = "$(BUILT_PRODUCTS_DIR)/ScrollCloseDemo.app/ScrollCloseDemo";
			};
			name = Release;
		};
		810960BA1DA6207F00E3DE7B /* Debug */ = {
			isa = XCBuildConfiguration;
			buildSettings = {
				INFOPLIST_FILE = ScrollCloseDemoUITests/Info.plist;
				LD_RUNPATH_SEARCH_PATHS = "$(inherited) @executable_path/Frameworks @loader_path/Frameworks";
				PRODUCT_BUNDLE_IDENTIFIER = CoderTgg.ScrollCloseDemoUITests;
				PRODUCT_NAME = "$(TARGET_NAME)";
				TEST_TARGET_NAME = ScrollCloseDemo;
			};
			name = Debug;
		};
		810960BB1DA6207F00E3DE7B /* Release */ = {
			isa = XCBuildConfiguration;
			buildSettings = {
				INFOPLIST_FILE = ScrollCloseDemoUITests/Info.plist;
				LD_RUNPATH_SEARCH_PATHS = "$(inherited) @executable_path/Frameworks @loader_path/Frameworks";
				PRODUCT_BUNDLE_IDENTIFIER = CoderTgg.ScrollCloseDemoUITests;
				PRODUCT_NAME = "$(TARGET_NAME)";
				TEST_TARGET_NAME = ScrollCloseDemo;
			};
			name = Release;
		};
/* End XCBuildConfiguration section */

/* Begin XCConfigurationList section */
		810960811DA6207F00E3DE7B /* Build configuration list for PBXProject "ScrollCloseDemo" */ = {
			isa = XCConfigurationList;
			buildConfigurations = (
				810960B11DA6207F00E3DE7B /* Debug */,
				810960B21DA6207F00E3DE7B /* Release */,
			);
			defaultConfigurationIsVisible = 0;
			defaultConfigurationName = Release;
		};
		810960B31DA6207F00E3DE7B /* Build configuration list for PBXNativeTarget "ScrollCloseDemo" */ = {
			isa = XCConfigurationList;
			buildConfigurations = (
				810960B41DA6207F00E3DE7B /* Debug */,
				810960B51DA6207F00E3DE7B /* Release */,
			);
			defaultConfigurationIsVisible = 0;
			defaultConfigurationName = Release;
		};
		810960B61DA6207F00E3DE7B /* Build configuration list for PBXNativeTarget "ScrollCloseDemoTests" */ = {
			isa = XCConfigurationList;
			buildConfigurations = (
				810960B71DA6207F00E3DE7B /* Debug */,
				810960B81DA6207F00E3DE7B /* Release */,
			);
			defaultConfigurationIsVisible = 0;
			defaultConfigurationName = Release;
		};
		810960B91DA6207F00E3DE7B /* Build configuration list for PBXNativeTarget "ScrollCloseDemoUITests" */ = {
			isa = XCConfigurationList;
			buildConfigurations = (
				810960BA1DA6207F00E3DE7B /* Debug */,
				810960BB1DA6207F00E3DE7B /* Release */,
			);
			defaultConfigurationIsVisible = 0;
			defaultConfigurationName = Release;
		};
/* End XCConfigurationList section */
	};
	rootObject = 8109607E1DA6207F00E3DE7B /* Project object */;
}
